// !$*UTF8*$!
{
	archiveVersion = 1;
	classes = {
	};
	objectVersion = 56;
	objects = {

/* Begin PBXBuildFile section */
		424D051F2A40E0FA000F581B /* StoryProvider.swift in Sources */ = {isa = PBXBuildFile; fileRef = 424D051E2A40E0FA000F581B /* StoryProvider.swift */; };
		424D05212A40E1DF000F581B /* NetworkFactory.swift in Sources */ = {isa = PBXBuildFile; fileRef = 424D05202A40E1DF000F581B /* NetworkFactory.swift */; };
		424D05232A40E266000F581B /* StoryRowView.swift in Sources */ = {isa = PBXBuildFile; fileRef = 424D05222A40E266000F581B /* StoryRowView.swift */; };
		424D05252A40E458000F581B /* StoriesProvider.swift in Sources */ = {isa = PBXBuildFile; fileRef = 424D05242A40E458000F581B /* StoriesProvider.swift */; };
		4269F40F2A45C25400EB79D3 /* Model.xcdatamodeld in Sources */ = {isa = PBXBuildFile; fileRef = 4269F40D2A45C25400EB79D3 /* Model.xcdatamodeld */; };
		4269F4302A45C33E00EB79D3 /* Persistence.swift in Sources */ = {isa = PBXBuildFile; fileRef = 4269F42F2A45C33E00EB79D3 /* Persistence.swift */; };
		4269F4322A45C3B800EB79D3 /* SavedStoriesView.swift in Sources */ = {isa = PBXBuildFile; fileRef = 4269F4312A45C3B800EB79D3 /* SavedStoriesView.swift */; };
		4269F4342A45C3DD00EB79D3 /* SavedStory.swift in Sources */ = {isa = PBXBuildFile; fileRef = 4269F4332A45C3DD00EB79D3 /* SavedStory.swift */; };
		4269F4362A45C60D00EB79D3 /* SavedStoryRowView.swift in Sources */ = {isa = PBXBuildFile; fileRef = 4269F4352A45C60D00EB79D3 /* SavedStoryRowView.swift */; };
		4275729D2A3F175700CB0211 /* OrangeApp.swift in Sources */ = {isa = PBXBuildFile; fileRef = 4275729C2A3F175700CB0211 /* OrangeApp.swift */; };
		4275729F2A3F175700CB0211 /* ContentView.swift in Sources */ = {isa = PBXBuildFile; fileRef = 4275729E2A3F175700CB0211 /* ContentView.swift */; };
		427572A12A3F175700CB0211 /* Assets.xcassets in Resources */ = {isa = PBXBuildFile; fileRef = 427572A02A3F175700CB0211 /* Assets.xcassets */; };
		427572A42A3F175700CB0211 /* Preview Assets.xcassets in Resources */ = {isa = PBXBuildFile; fileRef = 427572A32A3F175700CB0211 /* Preview Assets.xcassets */; };
		427572AE2A3F175700CB0211 /* OrangeTests.swift in Sources */ = {isa = PBXBuildFile; fileRef = 427572AD2A3F175700CB0211 /* OrangeTests.swift */; };
		427572B82A3F175800CB0211 /* OrangeUITests.swift in Sources */ = {isa = PBXBuildFile; fileRef = 427572B72A3F175800CB0211 /* OrangeUITests.swift */; };
		427572BA2A3F175800CB0211 /* OrangeUITestsLaunchTests.swift in Sources */ = {isa = PBXBuildFile; fileRef = 427572B92A3F175800CB0211 /* OrangeUITestsLaunchTests.swift */; };
		427572C82A3F178100CB0211 /* Item.swift in Sources */ = {isa = PBXBuildFile; fileRef = 427572C72A3F178100CB0211 /* Item.swift */; };
		427572CA2A3F179000CB0211 /* User.swift in Sources */ = {isa = PBXBuildFile; fileRef = 427572C92A3F179000CB0211 /* User.swift */; };
		427572CC2A3F17B900CB0211 /* ItemDecodeTests.swift in Sources */ = {isa = PBXBuildFile; fileRef = 427572CB2A3F17B900CB0211 /* ItemDecodeTests.swift */; };
		427572CE2A3F56F000CB0211 /* UserDecodeTests.swift in Sources */ = {isa = PBXBuildFile; fileRef = 427572CD2A3F56F000CB0211 /* UserDecodeTests.swift */; };
		427572D02A3F580200CB0211 /* NewsClient.swift in Sources */ = {isa = PBXBuildFile; fileRef = 427572CF2A3F580200CB0211 /* NewsClient.swift */; };
		427572D22A3F590100CB0211 /* NewsClientTests.swift in Sources */ = {isa = PBXBuildFile; fileRef = 427572D12A3F590100CB0211 /* NewsClientTests.swift */; };
		427572D42A3F5D9D00CB0211 /* NewsProvider.swift in Sources */ = {isa = PBXBuildFile; fileRef = 427572D32A3F5D9D00CB0211 /* NewsProvider.swift */; };
		427572D72A3F611700CB0211 /* StoriesView.swift in Sources */ = {isa = PBXBuildFile; fileRef = 427572D62A3F611700CB0211 /* StoriesView.swift */; };
		42A668C62A4B689C00F5CD60 /* CacheEntryObject.swift in Sources */ = {isa = PBXBuildFile; fileRef = 42A668C52A4B689C00F5CD60 /* CacheEntryObject.swift */; };
		42A668C82A4B690F00F5CD60 /* NSCache+Subscript.swift in Sources */ = {isa = PBXBuildFile; fileRef = 42A668C72A4B690F00F5CD60 /* NSCache+Subscript.swift */; };
		42C927E02A438EB5000D0422 /* SafariView.swift in Sources */ = {isa = PBXBuildFile; fileRef = 42C927DF2A438EB5000D0422 /* SafariView.swift */; };
/* End PBXBuildFile section */

/* Begin PBXContainerItemProxy section */
		427572AA2A3F175700CB0211 /* PBXContainerItemProxy */ = {
			isa = PBXContainerItemProxy;
			containerPortal = 427572912A3F175700CB0211 /* Project object */;
			proxyType = 1;
			remoteGlobalIDString = 427572982A3F175700CB0211;
			remoteInfo = Orange;
		};
		427572B42A3F175800CB0211 /* PBXContainerItemProxy */ = {
			isa = PBXContainerItemProxy;
			containerPortal = 427572912A3F175700CB0211 /* Project object */;
			proxyType = 1;
			remoteGlobalIDString = 427572982A3F175700CB0211;
			remoteInfo = Orange;
		};
/* End PBXContainerItemProxy section */

/* Begin PBXFileReference section */
		424D051E2A40E0FA000F581B /* StoryProvider.swift */ = {isa = PBXFileReference; lastKnownFileType = sourcecode.swift; path = StoryProvider.swift; sourceTree = "<group>"; };
		424D05202A40E1DF000F581B /* NetworkFactory.swift */ = {isa = PBXFileReference; lastKnownFileType = sourcecode.swift; path = NetworkFactory.swift; sourceTree = "<group>"; };
		424D05222A40E266000F581B /* StoryRowView.swift */ = {isa = PBXFileReference; lastKnownFileType = sourcecode.swift; path = StoryRowView.swift; sourceTree = "<group>"; };
		424D05242A40E458000F581B /* StoriesProvider.swift */ = {isa = PBXFileReference; lastKnownFileType = sourcecode.swift; path = StoriesProvider.swift; sourceTree = "<group>"; };
		4269F40E2A45C25400EB79D3 /* Model.xcdatamodel */ = {isa = PBXFileReference; lastKnownFileType = wrapper.xcdatamodel; path = Model.xcdatamodel; sourceTree = "<group>"; };
		4269F42F2A45C33E00EB79D3 /* Persistence.swift */ = {isa = PBXFileReference; lastKnownFileType = sourcecode.swift; path = Persistence.swift; sourceTree = "<group>"; };
		4269F4312A45C3B800EB79D3 /* SavedStoriesView.swift */ = {isa = PBXFileReference; lastKnownFileType = sourcecode.swift; path = SavedStoriesView.swift; sourceTree = "<group>"; };
		4269F4332A45C3DD00EB79D3 /* SavedStory.swift */ = {isa = PBXFileReference; lastKnownFileType = sourcecode.swift; path = SavedStory.swift; sourceTree = "<group>"; };
		4269F4352A45C60D00EB79D3 /* SavedStoryRowView.swift */ = {isa = PBXFileReference; lastKnownFileType = sourcecode.swift; path = SavedStoryRowView.swift; sourceTree = "<group>"; };
		427572992A3F175700CB0211 /* Orange.app */ = {isa = PBXFileReference; explicitFileType = wrapper.application; includeInIndex = 0; path = Orange.app; sourceTree = BUILT_PRODUCTS_DIR; };
		4275729C2A3F175700CB0211 /* OrangeApp.swift */ = {isa = PBXFileReference; lastKnownFileType = sourcecode.swift; path = OrangeApp.swift; sourceTree = "<group>"; };
		4275729E2A3F175700CB0211 /* ContentView.swift */ = {isa = PBXFileReference; lastKnownFileType = sourcecode.swift; path = ContentView.swift; sourceTree = "<group>"; };
		427572A02A3F175700CB0211 /* Assets.xcassets */ = {isa = PBXFileReference; lastKnownFileType = folder.assetcatalog; path = Assets.xcassets; sourceTree = "<group>"; };
		427572A32A3F175700CB0211 /* Preview Assets.xcassets */ = {isa = PBXFileReference; lastKnownFileType = folder.assetcatalog; path = "Preview Assets.xcassets"; sourceTree = "<group>"; };
		427572A92A3F175700CB0211 /* OrangeTests.xctest */ = {isa = PBXFileReference; explicitFileType = wrapper.cfbundle; includeInIndex = 0; path = OrangeTests.xctest; sourceTree = BUILT_PRODUCTS_DIR; };
		427572AD2A3F175700CB0211 /* OrangeTests.swift */ = {isa = PBXFileReference; lastKnownFileType = sourcecode.swift; path = OrangeTests.swift; sourceTree = "<group>"; };
		427572B32A3F175800CB0211 /* OrangeUITests.xctest */ = {isa = PBXFileReference; explicitFileType = wrapper.cfbundle; includeInIndex = 0; path = OrangeUITests.xctest; sourceTree = BUILT_PRODUCTS_DIR; };
		427572B72A3F175800CB0211 /* OrangeUITests.swift */ = {isa = PBXFileReference; lastKnownFileType = sourcecode.swift; path = OrangeUITests.swift; sourceTree = "<group>"; };
		427572B92A3F175800CB0211 /* OrangeUITestsLaunchTests.swift */ = {isa = PBXFileReference; lastKnownFileType = sourcecode.swift; path = OrangeUITestsLaunchTests.swift; sourceTree = "<group>"; };
		427572C72A3F178100CB0211 /* Item.swift */ = {isa = PBXFileReference; lastKnownFileType = sourcecode.swift; path = Item.swift; sourceTree = "<group>"; };
		427572C92A3F179000CB0211 /* User.swift */ = {isa = PBXFileReference; lastKnownFileType = sourcecode.swift; path = User.swift; sourceTree = "<group>"; };
		427572CB2A3F17B900CB0211 /* ItemDecodeTests.swift */ = {isa = PBXFileReference; lastKnownFileType = sourcecode.swift; path = ItemDecodeTests.swift; sourceTree = "<group>"; };
		427572CD2A3F56F000CB0211 /* UserDecodeTests.swift */ = {isa = PBXFileReference; lastKnownFileType = sourcecode.swift; path = UserDecodeTests.swift; sourceTree = "<group>"; };
		427572CF2A3F580200CB0211 /* NewsClient.swift */ = {isa = PBXFileReference; lastKnownFileType = sourcecode.swift; path = NewsClient.swift; sourceTree = "<group>"; };
		427572D12A3F590100CB0211 /* NewsClientTests.swift */ = {isa = PBXFileReference; lastKnownFileType = sourcecode.swift; path = NewsClientTests.swift; sourceTree = "<group>"; };
		427572D32A3F5D9D00CB0211 /* NewsProvider.swift */ = {isa = PBXFileReference; lastKnownFileType = sourcecode.swift; path = NewsProvider.swift; sourceTree = "<group>"; };
		427572D62A3F611700CB0211 /* StoriesView.swift */ = {isa = PBXFileReference; lastKnownFileType = sourcecode.swift; path = StoriesView.swift; sourceTree = "<group>"; };
		42A668C52A4B689C00F5CD60 /* CacheEntryObject.swift */ = {isa = PBXFileReference; lastKnownFileType = sourcecode.swift; path = CacheEntryObject.swift; sourceTree = "<group>"; };
		42A668C72A4B690F00F5CD60 /* NSCache+Subscript.swift */ = {isa = PBXFileReference; lastKnownFileType = sourcecode.swift; path = "NSCache+Subscript.swift"; sourceTree = "<group>"; };
		42C927DF2A438EB5000D0422 /* SafariView.swift */ = {isa = PBXFileReference; lastKnownFileType = sourcecode.swift; path = SafariView.swift; sourceTree = "<group>"; };
/* End PBXFileReference section */

/* Begin PBXFrameworksBuildPhase section */
		427572962A3F175700CB0211 /* Frameworks */ = {
			isa = PBXFrameworksBuildPhase;
			buildActionMask = 2147483647;
			files = (
			);
			runOnlyForDeploymentPostprocessing = 0;
		};
		427572A62A3F175700CB0211 /* Frameworks */ = {
			isa = PBXFrameworksBuildPhase;
			buildActionMask = 2147483647;
			files = (
			);
			runOnlyForDeploymentPostprocessing = 0;
		};
		427572B02A3F175800CB0211 /* Frameworks */ = {
			isa = PBXFrameworksBuildPhase;
			buildActionMask = 2147483647;
			files = (
			);
			runOnlyForDeploymentPostprocessing = 0;
		};
/* End PBXFrameworksBuildPhase section */

/* Begin PBXGroup section */
		427572902A3F175700CB0211 = {
			isa = PBXGroup;
			children = (
				4275729B2A3F175700CB0211 /* Orange */,
				427572AC2A3F175700CB0211 /* OrangeTests */,
				427572B62A3F175800CB0211 /* OrangeUITests */,
				4275729A2A3F175700CB0211 /* Products */,
			);
			sourceTree = "<group>";
		};
		4275729A2A3F175700CB0211 /* Products */ = {
			isa = PBXGroup;
			children = (
				427572992A3F175700CB0211 /* Orange.app */,
				427572A92A3F175700CB0211 /* OrangeTests.xctest */,
				427572B32A3F175800CB0211 /* OrangeUITests.xctest */,
			);
			name = Products;
			sourceTree = "<group>";
		};
		4275729B2A3F175700CB0211 /* Orange */ = {
			isa = PBXGroup;
			children = (
				427572D82A3F619300CB0211 /* Network */,
				427572D52A3F610500CB0211 /* Views */,
				427572C62A3F177000CB0211 /* Model */,
				4275729C2A3F175700CB0211 /* OrangeApp.swift */,
				4275729E2A3F175700CB0211 /* ContentView.swift */,
				427572A02A3F175700CB0211 /* Assets.xcassets */,
				427572A22A3F175700CB0211 /* Preview Content */,
				4269F40D2A45C25400EB79D3 /* Model.xcdatamodeld */,
				4269F42F2A45C33E00EB79D3 /* Persistence.swift */,
			);
			path = Orange;
			sourceTree = "<group>";
		};
		427572A22A3F175700CB0211 /* Preview Content */ = {
			isa = PBXGroup;
			children = (
				427572A32A3F175700CB0211 /* Preview Assets.xcassets */,
			);
			path = "Preview Content";
			sourceTree = "<group>";
		};
		427572AC2A3F175700CB0211 /* OrangeTests */ = {
			isa = PBXGroup;
			children = (
				427572AD2A3F175700CB0211 /* OrangeTests.swift */,
				427572CB2A3F17B900CB0211 /* ItemDecodeTests.swift */,
				427572CD2A3F56F000CB0211 /* UserDecodeTests.swift */,
				427572D12A3F590100CB0211 /* NewsClientTests.swift */,
			);
			path = OrangeTests;
			sourceTree = "<group>";
		};
		427572B62A3F175800CB0211 /* OrangeUITests */ = {
			isa = PBXGroup;
			children = (
				427572B72A3F175800CB0211 /* OrangeUITests.swift */,
				427572B92A3F175800CB0211 /* OrangeUITestsLaunchTests.swift */,
			);
			path = OrangeUITests;
			sourceTree = "<group>";
		};
		427572C62A3F177000CB0211 /* Model */ = {
			isa = PBXGroup;
			children = (
				427572C72A3F178100CB0211 /* Item.swift */,
				427572C92A3F179000CB0211 /* User.swift */,
				4269F4332A45C3DD00EB79D3 /* SavedStory.swift */,
			);
			path = Model;
			sourceTree = "<group>";
		};
		427572D52A3F610500CB0211 /* Views */ = {
			isa = PBXGroup;
			children = (
				427572D62A3F611700CB0211 /* StoriesView.swift */,
				424D05222A40E266000F581B /* StoryRowView.swift */,
				42C927DF2A438EB5000D0422 /* SafariView.swift */,
				4269F4312A45C3B800EB79D3 /* SavedStoriesView.swift */,
				4269F4352A45C60D00EB79D3 /* SavedStoryRowView.swift */,
			);
			path = Views;
			sourceTree = "<group>";
		};
		427572D82A3F619300CB0211 /* Network */ = {
			isa = PBXGroup;
			children = (
				427572D32A3F5D9D00CB0211 /* NewsProvider.swift */,
				427572CF2A3F580200CB0211 /* NewsClient.swift */,
				424D051E2A40E0FA000F581B /* StoryProvider.swift */,
				424D05202A40E1DF000F581B /* NetworkFactory.swift */,
				424D05242A40E458000F581B /* StoriesProvider.swift */,
				42A668C52A4B689C00F5CD60 /* CacheEntryObject.swift */,
				42A668C72A4B690F00F5CD60 /* NSCache+Subscript.swift */,
			);
			path = Network;
			sourceTree = "<group>";
		};
/* End PBXGroup section */

/* Begin PBXNativeTarget section */
		427572982A3F175700CB0211 /* Orange */ = {
			isa = PBXNativeTarget;
			buildConfigurationList = 427572BD2A3F175800CB0211 /* Build configuration list for PBXNativeTarget "Orange" */;
			buildPhases = (
				427572952A3F175700CB0211 /* Sources */,
				427572962A3F175700CB0211 /* Frameworks */,
				427572972A3F175700CB0211 /* Resources */,
			);
			buildRules = (
			);
			dependencies = (
			);
			name = Orange;
			productName = Orange;
			productReference = 427572992A3F175700CB0211 /* Orange.app */;
			productType = "com.apple.product-type.application";
		};
		427572A82A3F175700CB0211 /* OrangeTests */ = {
			isa = PBXNativeTarget;
			buildConfigurationList = 427572C02A3F175800CB0211 /* Build configuration list for PBXNativeTarget "OrangeTests" */;
			buildPhases = (
				427572A52A3F175700CB0211 /* Sources */,
				427572A62A3F175700CB0211 /* Frameworks */,
				427572A72A3F175700CB0211 /* Resources */,
			);
			buildRules = (
			);
			dependencies = (
				427572AB2A3F175700CB0211 /* PBXTargetDependency */,
			);
			name = OrangeTests;
			productName = OrangeTests;
			productReference = 427572A92A3F175700CB0211 /* OrangeTests.xctest */;
			productType = "com.apple.product-type.bundle.unit-test";
		};
		427572B22A3F175800CB0211 /* OrangeUITests */ = {
			isa = PBXNativeTarget;
			buildConfigurationList = 427572C32A3F175800CB0211 /* Build configuration list for PBXNativeTarget "OrangeUITests" */;
			buildPhases = (
				427572AF2A3F175800CB0211 /* Sources */,
				427572B02A3F175800CB0211 /* Frameworks */,
				427572B12A3F175800CB0211 /* Resources */,
			);
			buildRules = (
			);
			dependencies = (
				427572B52A3F175800CB0211 /* PBXTargetDependency */,
			);
			name = OrangeUITests;
			productName = OrangeUITests;
			productReference = 427572B32A3F175800CB0211 /* OrangeUITests.xctest */;
			productType = "com.apple.product-type.bundle.ui-testing";
		};
/* End PBXNativeTarget section */

/* Begin PBXProject section */
		427572912A3F175700CB0211 /* Project object */ = {
			isa = PBXProject;
			attributes = {
				BuildIndependentTargetsInParallel = 1;
				LastSwiftUpdateCheck = 1430;
				LastUpgradeCheck = 1430;
				TargetAttributes = {
					427572982A3F175700CB0211 = {
						CreatedOnToolsVersion = 14.3.1;
					};
					427572A82A3F175700CB0211 = {
						CreatedOnToolsVersion = 14.3.1;
						TestTargetID = 427572982A3F175700CB0211;
					};
					427572B22A3F175800CB0211 = {
						CreatedOnToolsVersion = 14.3.1;
						TestTargetID = 427572982A3F175700CB0211;
					};
				};
			};
			buildConfigurationList = 427572942A3F175700CB0211 /* Build configuration list for PBXProject "Orange" */;
			compatibilityVersion = "Xcode 14.0";
			developmentRegion = en;
			hasScannedForEncodings = 0;
			knownRegions = (
				en,
				Base,
			);
			mainGroup = 427572902A3F175700CB0211;
			productRefGroup = 4275729A2A3F175700CB0211 /* Products */;
			projectDirPath = "";
			projectRoot = "";
			targets = (
				427572982A3F175700CB0211 /* Orange */,
				427572A82A3F175700CB0211 /* OrangeTests */,
				427572B22A3F175800CB0211 /* OrangeUITests */,
			);
		};
/* End PBXProject section */

/* Begin PBXResourcesBuildPhase section */
		427572972A3F175700CB0211 /* Resources */ = {
			isa = PBXResourcesBuildPhase;
			buildActionMask = 2147483647;
			files = (
				427572A42A3F175700CB0211 /* Preview Assets.xcassets in Resources */,
				427572A12A3F175700CB0211 /* Assets.xcassets in Resources */,
			);
			runOnlyForDeploymentPostprocessing = 0;
		};
		427572A72A3F175700CB0211 /* Resources */ = {
			isa = PBXResourcesBuildPhase;
			buildActionMask = 2147483647;
			files = (
			);
			runOnlyForDeploymentPostprocessing = 0;
		};
		427572B12A3F175800CB0211 /* Resources */ = {
			isa = PBXResourcesBuildPhase;
			buildActionMask = 2147483647;
			files = (
			);
			runOnlyForDeploymentPostprocessing = 0;
		};
/* End PBXResourcesBuildPhase section */

/* Begin PBXSourcesBuildPhase section */
		427572952A3F175700CB0211 /* Sources */ = {
			isa = PBXSourcesBuildPhase;
			buildActionMask = 2147483647;
			files = (
				427572CA2A3F179000CB0211 /* User.swift in Sources */,
				4269F4362A45C60D00EB79D3 /* SavedStoryRowView.swift in Sources */,
				427572D42A3F5D9D00CB0211 /* NewsProvider.swift in Sources */,
				424D051F2A40E0FA000F581B /* StoryProvider.swift in Sources */,
				42A668C82A4B690F00F5CD60 /* NSCache+Subscript.swift in Sources */,
				4269F4322A45C3B800EB79D3 /* SavedStoriesView.swift in Sources */,
				4269F4302A45C33E00EB79D3 /* Persistence.swift in Sources */,
				424D05212A40E1DF000F581B /* NetworkFactory.swift in Sources */,
				42C927E02A438EB5000D0422 /* SafariView.swift in Sources */,
				424D05252A40E458000F581B /* StoriesProvider.swift in Sources */,
				4275729F2A3F175700CB0211 /* ContentView.swift in Sources */,
				427572D72A3F611700CB0211 /* StoriesView.swift in Sources */,
				427572D02A3F580200CB0211 /* NewsClient.swift in Sources */,
				427572C82A3F178100CB0211 /* Item.swift in Sources */,
				424D05232A40E266000F581B /* StoryRowView.swift in Sources */,
				4269F40F2A45C25400EB79D3 /* Model.xcdatamodeld in Sources */,
				4275729D2A3F175700CB0211 /* OrangeApp.swift in Sources */,
				4269F4342A45C3DD00EB79D3 /* SavedStory.swift in Sources */,
				42A668C62A4B689C00F5CD60 /* CacheEntryObject.swift in Sources */,
			);
			runOnlyForDeploymentPostprocessing = 0;
		};
		427572A52A3F175700CB0211 /* Sources */ = {
			isa = PBXSourcesBuildPhase;
			buildActionMask = 2147483647;
			files = (
				427572CC2A3F17B900CB0211 /* ItemDecodeTests.swift in Sources */,
				427572AE2A3F175700CB0211 /* OrangeTests.swift in Sources */,
				427572CE2A3F56F000CB0211 /* UserDecodeTests.swift in Sources */,
				427572D22A3F590100CB0211 /* NewsClientTests.swift in Sources */,
			);
			runOnlyForDeploymentPostprocessing = 0;
		};
		427572AF2A3F175800CB0211 /* Sources */ = {
			isa = PBXSourcesBuildPhase;
			buildActionMask = 2147483647;
			files = (
				427572BA2A3F175800CB0211 /* OrangeUITestsLaunchTests.swift in Sources */,
				427572B82A3F175800CB0211 /* OrangeUITests.swift in Sources */,
			);
			runOnlyForDeploymentPostprocessing = 0;
		};
/* End PBXSourcesBuildPhase section */

/* Begin PBXTargetDependency section */
		427572AB2A3F175700CB0211 /* PBXTargetDependency */ = {
			isa = PBXTargetDependency;
			target = 427572982A3F175700CB0211 /* Orange */;
			targetProxy = 427572AA2A3F175700CB0211 /* PBXContainerItemProxy */;
		};
		427572B52A3F175800CB0211 /* PBXTargetDependency */ = {
			isa = PBXTargetDependency;
			target = 427572982A3F175700CB0211 /* Orange */;
			targetProxy = 427572B42A3F175800CB0211 /* PBXContainerItemProxy */;
		};
/* End PBXTargetDependency section */

/* Begin XCBuildConfiguration section */
		427572BB2A3F175800CB0211 /* Debug */ = {
			isa = XCBuildConfiguration;
			buildSettings = {
				ALWAYS_SEARCH_USER_PATHS = NO;
				CLANG_ANALYZER_NONNULL = YES;
				CLANG_ANALYZER_NUMBER_OBJECT_CONVERSION = YES_AGGRESSIVE;
				CLANG_CXX_LANGUAGE_STANDARD = "gnu++20";
				CLANG_ENABLE_MODULES = YES;
				CLANG_ENABLE_OBJC_ARC = YES;
				CLANG_ENABLE_OBJC_WEAK = YES;
				CLANG_WARN_BLOCK_CAPTURE_AUTORELEASING = YES;
				CLANG_WARN_BOOL_CONVERSION = YES;
				CLANG_WARN_COMMA = YES;
				CLANG_WARN_CONSTANT_CONVERSION = YES;
				CLANG_WARN_DEPRECATED_OBJC_IMPLEMENTATIONS = YES;
				CLANG_WARN_DIRECT_OBJC_ISA_USAGE = YES_ERROR;
				CLANG_WARN_DOCUMENTATION_COMMENTS = YES;
				CLANG_WARN_EMPTY_BODY = YES;
				CLANG_WARN_ENUM_CONVERSION = YES;
				CLANG_WARN_INFINITE_RECURSION = YES;
				CLANG_WARN_INT_CONVERSION = YES;
				CLANG_WARN_NON_LITERAL_NULL_CONVERSION = YES;
				CLANG_WARN_OBJC_IMPLICIT_RETAIN_SELF = YES;
				CLANG_WARN_OBJC_LITERAL_CONVERSION = YES;
				CLANG_WARN_OBJC_ROOT_CLASS = YES_ERROR;
				CLANG_WARN_QUOTED_INCLUDE_IN_FRAMEWORK_HEADER = YES;
				CLANG_WARN_RANGE_LOOP_ANALYSIS = YES;
				CLANG_WARN_STRICT_PROTOTYPES = YES;
				CLANG_WARN_SUSPICIOUS_MOVE = YES;
				CLANG_WARN_UNGUARDED_AVAILABILITY = YES_AGGRESSIVE;
				CLANG_WARN_UNREACHABLE_CODE = YES;
				CLANG_WARN__DUPLICATE_METHOD_MATCH = YES;
				COPY_PHASE_STRIP = NO;
				DEBUG_INFORMATION_FORMAT = dwarf;
				ENABLE_STRICT_OBJC_MSGSEND = YES;
				ENABLE_TESTABILITY = YES;
				GCC_C_LANGUAGE_STANDARD = gnu11;
				GCC_DYNAMIC_NO_PIC = NO;
				GCC_NO_COMMON_BLOCKS = YES;
				GCC_OPTIMIZATION_LEVEL = 0;
				GCC_PREPROCESSOR_DEFINITIONS = (
					"DEBUG=1",
					"$(inherited)",
				);
				GCC_WARN_64_TO_32_BIT_CONVERSION = YES;
				GCC_WARN_ABOUT_RETURN_TYPE = YES_ERROR;
				GCC_WARN_UNDECLARED_SELECTOR = YES;
				GCC_WARN_UNINITIALIZED_AUTOS = YES_AGGRESSIVE;
				GCC_WARN_UNUSED_FUNCTION = YES;
				GCC_WARN_UNUSED_VARIABLE = YES;
				IPHONEOS_DEPLOYMENT_TARGET = 16.4;
				MTL_ENABLE_DEBUG_INFO = INCLUDE_SOURCE;
				MTL_FAST_MATH = YES;
				ONLY_ACTIVE_ARCH = YES;
				SDKROOT = iphoneos;
				SWIFT_ACTIVE_COMPILATION_CONDITIONS = DEBUG;
				SWIFT_OPTIMIZATION_LEVEL = "-Onone";
			};
			name = Debug;
		};
		427572BC2A3F175800CB0211 /* Release */ = {
			isa = XCBuildConfiguration;
			buildSettings = {
				ALWAYS_SEARCH_USER_PATHS = NO;
				CLANG_ANALYZER_NONNULL = YES;
				CLANG_ANALYZER_NUMBER_OBJECT_CONVERSION = YES_AGGRESSIVE;
				CLANG_CXX_LANGUAGE_STANDARD = "gnu++20";
				CLANG_ENABLE_MODULES = YES;
				CLANG_ENABLE_OBJC_ARC = YES;
				CLANG_ENABLE_OBJC_WEAK = YES;
				CLANG_WARN_BLOCK_CAPTURE_AUTORELEASING = YES;
				CLANG_WARN_BOOL_CONVERSION = YES;
				CLANG_WARN_COMMA = YES;
				CLANG_WARN_CONSTANT_CONVERSION = YES;
				CLANG_WARN_DEPRECATED_OBJC_IMPLEMENTATIONS = YES;
				CLANG_WARN_DIRECT_OBJC_ISA_USAGE = YES_ERROR;
				CLANG_WARN_DOCUMENTATION_COMMENTS = YES;
				CLANG_WARN_EMPTY_BODY = YES;
				CLANG_WARN_ENUM_CONVERSION = YES;
				CLANG_WARN_INFINITE_RECURSION = YES;
				CLANG_WARN_INT_CONVERSION = YES;
				CLANG_WARN_NON_LITERAL_NULL_CONVERSION = YES;
				CLANG_WARN_OBJC_IMPLICIT_RETAIN_SELF = YES;
				CLANG_WARN_OBJC_LITERAL_CONVERSION = YES;
				CLANG_WARN_OBJC_ROOT_CLASS = YES_ERROR;
				CLANG_WARN_QUOTED_INCLUDE_IN_FRAMEWORK_HEADER = YES;
				CLANG_WARN_RANGE_LOOP_ANALYSIS = YES;
				CLANG_WARN_STRICT_PROTOTYPES = YES;
				CLANG_WARN_SUSPICIOUS_MOVE = YES;
				CLANG_WARN_UNGUARDED_AVAILABILITY = YES_AGGRESSIVE;
				CLANG_WARN_UNREACHABLE_CODE = YES;
				CLANG_WARN__DUPLICATE_METHOD_MATCH = YES;
				COPY_PHASE_STRIP = NO;
				DEBUG_INFORMATION_FORMAT = "dwarf-with-dsym";
				ENABLE_NS_ASSERTIONS = NO;
				ENABLE_STRICT_OBJC_MSGSEND = YES;
				GCC_C_LANGUAGE_STANDARD = gnu11;
				GCC_NO_COMMON_BLOCKS = YES;
				GCC_WARN_64_TO_32_BIT_CONVERSION = YES;
				GCC_WARN_ABOUT_RETURN_TYPE = YES_ERROR;
				GCC_WARN_UNDECLARED_SELECTOR = YES;
				GCC_WARN_UNINITIALIZED_AUTOS = YES_AGGRESSIVE;
				GCC_WARN_UNUSED_FUNCTION = YES;
				GCC_WARN_UNUSED_VARIABLE = YES;
				IPHONEOS_DEPLOYMENT_TARGET = 16.4;
				MTL_ENABLE_DEBUG_INFO = NO;
				MTL_FAST_MATH = YES;
				SDKROOT = iphoneos;
				SWIFT_COMPILATION_MODE = wholemodule;
				SWIFT_OPTIMIZATION_LEVEL = "-O";
				VALIDATE_PRODUCT = YES;
			};
			name = Release;
		};
		427572BE2A3F175800CB0211 /* Debug */ = {
			isa = XCBuildConfiguration;
			buildSettings = {
				ASSETCATALOG_COMPILER_APPICON_NAME = AppIcon;
				ASSETCATALOG_COMPILER_GLOBAL_ACCENT_COLOR_NAME = AccentColor;
				CODE_SIGN_STYLE = Automatic;
				CURRENT_PROJECT_VERSION = 1;
				DEVELOPMENT_ASSET_PATHS = "\"Orange/Preview Content\"";
				DEVELOPMENT_TEAM = 844ZV549HP;
				ENABLE_PREVIEWS = YES;
				GENERATE_INFOPLIST_FILE = YES;
				INFOPLIST_KEY_UIApplicationSceneManifest_Generation = YES;
				INFOPLIST_KEY_UIApplicationSupportsIndirectInputEvents = YES;
				INFOPLIST_KEY_UILaunchScreen_Generation = YES;
				INFOPLIST_KEY_UISupportedInterfaceOrientations_iPad = "UIInterfaceOrientationPortrait UIInterfaceOrientationPortraitUpsideDown UIInterfaceOrientationLandscapeLeft UIInterfaceOrientationLandscapeRight";
				INFOPLIST_KEY_UISupportedInterfaceOrientations_iPhone = "UIInterfaceOrientationPortrait UIInterfaceOrientationLandscapeLeft UIInterfaceOrientationLandscapeRight";
				LD_RUNPATH_SEARCH_PATHS = (
					"$(inherited)",
					"@executable_path/Frameworks",
				);
				MARKETING_VERSION = 1.0;
				PRODUCT_BUNDLE_IDENTIFIER = fyi.leon.Orange;
				PRODUCT_NAME = "$(TARGET_NAME)";
				SWIFT_EMIT_LOC_STRINGS = YES;
				SWIFT_VERSION = 5.0;
				TARGETED_DEVICE_FAMILY = "1,2";
			};
			name = Debug;
		};
		427572BF2A3F175800CB0211 /* Release */ = {
			isa = XCBuildConfiguration;
			buildSettings = {
				ASSETCATALOG_COMPILER_APPICON_NAME = AppIcon;
				ASSETCATALOG_COMPILER_GLOBAL_ACCENT_COLOR_NAME = AccentColor;
				CODE_SIGN_STYLE = Automatic;
				CURRENT_PROJECT_VERSION = 1;
				DEVELOPMENT_ASSET_PATHS = "\"Orange/Preview Content\"";
				DEVELOPMENT_TEAM = 844ZV549HP;
				ENABLE_PREVIEWS = YES;
				GENERATE_INFOPLIST_FILE = YES;
				INFOPLIST_KEY_UIApplicationSceneManifest_Generation = YES;
				INFOPLIST_KEY_UIApplicationSupportsIndirectInputEvents = YES;
				INFOPLIST_KEY_UILaunchScreen_Generation = YES;
				INFOPLIST_KEY_UISupportedInterfaceOrientations_iPad = "UIInterfaceOrientationPortrait UIInterfaceOrientationPortraitUpsideDown UIInterfaceOrientationLandscapeLeft UIInterfaceOrientationLandscapeRight";
				INFOPLIST_KEY_UISupportedInterfaceOrientations_iPhone = "UIInterfaceOrientationPortrait UIInterfaceOrientationLandscapeLeft UIInterfaceOrientationLandscapeRight";
				LD_RUNPATH_SEARCH_PATHS = (
					"$(inherited)",
					"@executable_path/Frameworks",
				);
				MARKETING_VERSION = 1.0;
				PRODUCT_BUNDLE_IDENTIFIER = fyi.leon.Orange;
				PRODUCT_NAME = "$(TARGET_NAME)";
				SWIFT_EMIT_LOC_STRINGS = YES;
				SWIFT_VERSION = 5.0;
				TARGETED_DEVICE_FAMILY = "1,2";
			};
			name = Release;
		};
		427572C12A3F175800CB0211 /* Debug */ = {
			isa = XCBuildConfiguration;
			buildSettings = {
				ALWAYS_EMBED_SWIFT_STANDARD_LIBRARIES = YES;
				BUNDLE_LOADER = "$(TEST_HOST)";
				CODE_SIGN_STYLE = Automatic;
				CURRENT_PROJECT_VERSION = 1;
				DEVELOPMENT_TEAM = 844ZV549HP;
				GENERATE_INFOPLIST_FILE = YES;
				IPHONEOS_DEPLOYMENT_TARGET = 16.4;
				MARKETING_VERSION = 1.0;
				PRODUCT_BUNDLE_IDENTIFIER = fyi.leon.OrangeTests;
				PRODUCT_NAME = "$(TARGET_NAME)";
				SWIFT_EMIT_LOC_STRINGS = NO;
				SWIFT_VERSION = 5.0;
				TARGETED_DEVICE_FAMILY = "1,2";
				TEST_HOST = "$(BUILT_PRODUCTS_DIR)/Orange.app/$(BUNDLE_EXECUTABLE_FOLDER_PATH)/Orange";
			};
			name = Debug;
		};
		427572C22A3F175800CB0211 /* Release */ = {
			isa = XCBuildConfiguration;
			buildSettings = {
				ALWAYS_EMBED_SWIFT_STANDARD_LIBRARIES = YES;
				BUNDLE_LOADER = "$(TEST_HOST)";
				CODE_SIGN_STYLE = Automatic;
				CURRENT_PROJECT_VERSION = 1;
				DEVELOPMENT_TEAM = 844ZV549HP;
				GENERATE_INFOPLIST_FILE = YES;
				IPHONEOS_DEPLOYMENT_TARGET = 16.4;
				MARKETING_VERSION = 1.0;
				PRODUCT_BUNDLE_IDENTIFIER = fyi.leon.OrangeTests;
				PRODUCT_NAME = "$(TARGET_NAME)";
				SWIFT_EMIT_LOC_STRINGS = NO;
				SWIFT_VERSION = 5.0;
				TARGETED_DEVICE_FAMILY = "1,2";
				TEST_HOST = "$(BUILT_PRODUCTS_DIR)/Orange.app/$(BUNDLE_EXECUTABLE_FOLDER_PATH)/Orange";
			};
			name = Release;
		};
		427572C42A3F175800CB0211 /* Debug */ = {
			isa = XCBuildConfiguration;
			buildSettings = {
				ALWAYS_EMBED_SWIFT_STANDARD_LIBRARIES = YES;
				CODE_SIGN_STYLE = Automatic;
				CURRENT_PROJECT_VERSION = 1;
				DEVELOPMENT_TEAM = 844ZV549HP;
				GENERATE_INFOPLIST_FILE = YES;
				MARKETING_VERSION = 1.0;
				PRODUCT_BUNDLE_IDENTIFIER = fyi.leon.OrangeUITests;
				PRODUCT_NAME = "$(TARGET_NAME)";
				SWIFT_EMIT_LOC_STRINGS = NO;
				SWIFT_VERSION = 5.0;
				TARGETED_DEVICE_FAMILY = "1,2";
				TEST_TARGET_NAME = Orange;
			};
			name = Debug;
		};
		427572C52A3F175800CB0211 /* Release */ = {
			isa = XCBuildConfiguration;
			buildSettings = {
				ALWAYS_EMBED_SWIFT_STANDARD_LIBRARIES = YES;
				CODE_SIGN_STYLE = Automatic;
				CURRENT_PROJECT_VERSION = 1;
				DEVELOPMENT_TEAM = 844ZV549HP;
				GENERATE_INFOPLIST_FILE = YES;
				MARKETING_VERSION = 1.0;
				PRODUCT_BUNDLE_IDENTIFIER = fyi.leon.OrangeUITests;
				PRODUCT_NAME = "$(TARGET_NAME)";
				SWIFT_EMIT_LOC_STRINGS = NO;
				SWIFT_VERSION = 5.0;
				TARGETED_DEVICE_FAMILY = "1,2";
				TEST_TARGET_NAME = Orange;
			};
			name = Release;
		};
/* End XCBuildConfiguration section */

/* Begin XCConfigurationList section */
		427572942A3F175700CB0211 /* Build configuration list for PBXProject "Orange" */ = {
			isa = XCConfigurationList;
			buildConfigurations = (
				427572BB2A3F175800CB0211 /* Debug */,
				427572BC2A3F175800CB0211 /* Release */,
			);
			defaultConfigurationIsVisible = 0;
			defaultConfigurationName = Release;
		};
		427572BD2A3F175800CB0211 /* Build configuration list for PBXNativeTarget "Orange" */ = {
			isa = XCConfigurationList;
			buildConfigurations = (
				427572BE2A3F175800CB0211 /* Debug */,
				427572BF2A3F175800CB0211 /* Release */,
			);
			defaultConfigurationIsVisible = 0;
			defaultConfigurationName = Release;
		};
		427572C02A3F175800CB0211 /* Build configuration list for PBXNativeTarget "OrangeTests" */ = {
			isa = XCConfigurationList;
			buildConfigurations = (
				427572C12A3F175800CB0211 /* Debug */,
				427572C22A3F175800CB0211 /* Release */,
			);
			defaultConfigurationIsVisible = 0;
			defaultConfigurationName = Release;
		};
		427572C32A3F175800CB0211 /* Build configuration list for PBXNativeTarget "OrangeUITests" */ = {
			isa = XCConfigurationList;
			buildConfigurations = (
				427572C42A3F175800CB0211 /* Debug */,
				427572C52A3F175800CB0211 /* Release */,
			);
			defaultConfigurationIsVisible = 0;
			defaultConfigurationName = Release;
		};
/* End XCConfigurationList section */

/* Begin XCVersionGroup section */
		4269F40D2A45C25400EB79D3 /* Model.xcdatamodeld */ = {
			isa = XCVersionGroup;
			children = (
				4269F40E2A45C25400EB79D3 /* Model.xcdatamodel */,
			);
			currentVersion = 4269F40E2A45C25400EB79D3 /* Model.xcdatamodel */;
			path = Model.xcdatamodeld;
			sourceTree = "<group>";
			versionGroupType = wrapper.xcdatamodel;
		};
/* End XCVersionGroup section */
	};
	rootObject = 427572912A3F175700CB0211 /* Project object */;
}
